
Microsoft Visual Studio Solution File, Format Version 12.00
# Visual Studio Version 17
VisualStudioVersion = 17.13.35919.96 d17.13
MinimumVisualStudioVersion = 10.0.40219.1
Project("{FAE04EC0-301F-11D3-BF4B-00C04F79EFBC}") = "ChatbotAI", "ChatbotAI\ChatbotAI.csproj", "{99060DC2-B440-41F1-AEF1-557336E5EB22}"
EndProject
Global
	GlobalSection(SolutionConfigurationPlatforms) = preSolution
		Debug|Any CPU = Debug|Any CPU
		Release|Any CPU = Release|Any CPU
	EndGlobalSection
	GlobalSection(ProjectConfigurationPlatforms) = postSolution
		{99060DC2-B440-41F1-AEF1-557336E5EB22}.Debug|Any CPU.ActiveCfg = Debug|Any CPU
		{99060DC2-B440-41F1-AEF1-557336E5EB22}.Debug|Any CPU.Build.0 = Debug|Any CPU
		{99060DC2-B440-41F1-AEF1-557336E5EB22}.Release|Any CPU.ActiveCfg = Release|Any CPU
		{99060DC2-B440-41F1-AEF1-557336E5EB22}.Release|Any CPU.Build.0 = Release|Any CPU
	EndGlobalSection
	GlobalSection(SolutionProperties) = preSolution
		HideSolutionNode = FALSE
	EndGlobalSection
	GlobalSection(ExtensibilityGlobals) = postSolution
		SolutionGuid = {603F3CF7-F6DD-476E-9EFA-672FC552A462}
	EndGlobalSection
EndGlobal
